{
  "name": "test-project",
  "version": "0.0.0",
  "lockfileVersion": 1,
  "requires": true,
  "dependencies": {
    "react-xml-parser": {
      "version": "1.1.8",
      "resolved": "https://registry.npmjs.org/react-xml-parser/-/react-xml-parser-1.1.8.tgz",
      "integrity": "sha512-yX9k9LNCRzzNnFWoyo9cWEjtor6n6VD0Uh7z1ww5rIP6h5vdhJKEmowsm9RumEJMRdr7akcT4mMBScpsz573qQ=="
    }
  }
}
